
Microsoft Visual Studio Solution File, Format Version 12.00
Project("{FAE04EC0-301F-11D3-BF4B-00C04F79EFBC}") = "NextStar.Framework.Core", "NextStar.Framework.Core\NextStar.Framework.Core.csproj", "{470747C1-DC7B-4EA1-84A6-ABD252D80D70}"
EndProject
Project("{2150E333-8FDC-42A3-9474-1A3956D46DE8}") = "Tests", "Tests", "{86CFA18F-9E6E-4248-8242-76E615F22C48}"
EndProject
Project("{FAE04EC0-301F-11D3-BF4B-00C04F79EFBC}") = "NextStar.Framework.Core.Test", "Tests\NextStar.Framework.Core.Test\NextStar.Framework.Core.Test.csproj", "{F49D6855-F1A2-4F0D-AAFE-37D3F28BF0F4}"
EndProject
Global
	GlobalSection(SolutionConfigurationPlatforms) = preSolution
		Debug|Any CPU = Debug|Any CPU
		Release|Any CPU = Release|Any CPU
	EndGlobalSection
	GlobalSection(ProjectConfigurationPlatforms) = postSolution
		{470747C1-DC7B-4EA1-84A6-ABD252D80D70}.Debug|Any CPU.ActiveCfg = Debug|Any CPU
		{470747C1-DC7B-4EA1-84A6-ABD252D80D70}.Debug|Any CPU.Build.0 = Debug|Any CPU
		{470747C1-DC7B-4EA1-84A6-ABD252D80D70}.Release|Any CPU.ActiveCfg = Release|Any CPU
		{470747C1-DC7B-4EA1-84A6-ABD252D80D70}.Release|Any CPU.Build.0 = Release|Any CPU
		{F49D6855-F1A2-4F0D-AAFE-37D3F28BF0F4}.Debug|Any CPU.ActiveCfg = Debug|Any CPU
		{F49D6855-F1A2-4F0D-AAFE-37D3F28BF0F4}.Debug|Any CPU.Build.0 = Debug|Any CPU
		{F49D6855-F1A2-4F0D-AAFE-37D3F28BF0F4}.Release|Any CPU.ActiveCfg = Release|Any CPU
		{F49D6855-F1A2-4F0D-AAFE-37D3F28BF0F4}.Release|Any CPU.Build.0 = Release|Any CPU
	EndGlobalSection
	GlobalSection(NestedProjects) = preSolution
		{F49D6855-F1A2-4F0D-AAFE-37D3F28BF0F4} = {86CFA18F-9E6E-4248-8242-76E615F22C48}
	EndGlobalSection
EndGlobal
